
Microsoft Visual Studio Solution File, Format Version 12.00
# Visual Studio 2013
VisualStudioVersion = 12.0.31101.0
MinimumVisualStudioVersion = 10.0.40219.1
Project("{FAE04EC0-301F-11D3-BF4B-00C04F79EFBC}") = "MetalMynds.FlatGlass", "Core\MetalMynds.FlatGlass\MetalMynds.FlatGlass.csproj", "{6261B453-693B-4579-80E3-FBA91A667B6A}"
EndProject
Project("{FAE04EC0-301F-11D3-BF4B-00C04F79EFBC}") = "MetalMynds.Utilities", "Core\MetalMynds.Utilities\MetalMynds.Utilities.csproj", "{CD21D52F-4036-4EA6-BD06-B5FEAFC7ACC4}"
EndProject
Project("{FAE04EC0-301F-11D3-BF4B-00C04F79EFBC}") = "MetalMynds.Utilities.UIAutomation", "Core\MetalMynds.Utilities.UIAutomation\MetalMynds.Utilities.UIAutomation.csproj", "{EBE47BFE-E995-4B64-AAE9-A7F3D2E6A6AF}"
EndProject
Project("{FAE04EC0-301F-11D3-BF4B-00C04F79EFBC}") = "MetalMynds.FlatGlass.UnitTests", "UnitTest\MetalMynds.FlatGlass.UnitTests\MetalMynds.FlatGlass.UnitTests.csproj", "{8AA07AF2-FBF1-48EB-AC8D-0E6BA72449EE}"
EndProject
Global
	GlobalSection(SolutionConfigurationPlatforms) = preSolution
		Debug|Any CPU = Debug|Any CPU
		Release|Any CPU = Release|Any CPU
	EndGlobalSection
	GlobalSection(ProjectConfigurationPlatforms) = postSolution
		{6261B453-693B-4579-80E3-FBA91A667B6A}.Debug|Any CPU.ActiveCfg = Debug|Any CPU
		{6261B453-693B-4579-80E3-FBA91A667B6A}.Debug|Any CPU.Build.0 = Debug|Any CPU
		{6261B453-693B-4579-80E3-FBA91A667B6A}.Release|Any CPU.ActiveCfg = Release|Any CPU
		{6261B453-693B-4579-80E3-FBA91A667B6A}.Release|Any CPU.Build.0 = Release|Any CPU
		{CD21D52F-4036-4EA6-BD06-B5FEAFC7ACC4}.Debug|Any CPU.ActiveCfg = Debug|Any CPU
		{CD21D52F-4036-4EA6-BD06-B5FEAFC7ACC4}.Debug|Any CPU.Build.0 = Debug|Any CPU
		{CD21D52F-4036-4EA6-BD06-B5FEAFC7ACC4}.Release|Any CPU.ActiveCfg = Release|Any CPU
		{CD21D52F-4036-4EA6-BD06-B5FEAFC7ACC4}.Release|Any CPU.Build.0 = Release|Any CPU
		{EBE47BFE-E995-4B64-AAE9-A7F3D2E6A6AF}.Debug|Any CPU.ActiveCfg = Debug|Any CPU
		{EBE47BFE-E995-4B64-AAE9-A7F3D2E6A6AF}.Debug|Any CPU.Build.0 = Debug|Any CPU
		{EBE47BFE-E995-4B64-AAE9-A7F3D2E6A6AF}.Release|Any CPU.ActiveCfg = Release|Any CPU
		{EBE47BFE-E995-4B64-AAE9-A7F3D2E6A6AF}.Release|Any CPU.Build.0 = Release|Any CPU
		{8AA07AF2-FBF1-48EB-AC8D-0E6BA72449EE}.Debug|Any CPU.ActiveCfg = Debug|Any CPU
		{8AA07AF2-FBF1-48EB-AC8D-0E6BA72449EE}.Debug|Any CPU.Build.0 = Debug|Any CPU
		{8AA07AF2-FBF1-48EB-AC8D-0E6BA72449EE}.Release|Any CPU.ActiveCfg = Release|Any CPU
		{8AA07AF2-FBF1-48EB-AC8D-0E6BA72449EE}.Release|Any CPU.Build.0 = Release|Any CPU
	EndGlobalSection
	GlobalSection(SolutionProperties) = preSolution
		HideSolutionNode = FALSE
	EndGlobalSection
EndGlobal
