
Microsoft Visual Studio Solution File, Format Version 12.00
# Visual Studio 2013
VisualStudioVersion = 12.0.31101.0
MinimumVisualStudioVersion = 10.0.40219.1
Project("{FAE04EC0-301F-11D3-BF4B-00C04F79EFBC}") = "MetalMynds.FlatGlass", "Core\MetalMynds.FlatGlass\MetalMynds.FlatGlass.csproj", "{6261B453-693B-4579-80E3-FBA91A667B6A}"
EndProject
Project("{FAE04EC0-301F-11D3-BF4B-00C04F79EFBC}") = "MetalMynds.Utilities", "Core\MetalMynds.Utilities\MetalMynds.Utilities.csproj", "{CD21D52F-4036-4EA6-BD06-B5FEAFC7ACC4}"
EndProject
Project("{FAE04EC0-301F-11D3-BF4B-00C04F79EFBC}") = "MetalMynds.Utilities.UIAutomation", "Core\MetalMynds.Utilities.UIAutomation\MetalMynds.Utilities.UIAutomation.csproj", "{EBE47BFE-E995-4B64-AAE9-A7F3D2E6A6AF}"
EndProject
Project("{FAE04EC0-301F-11D3-BF4B-00C04F79EFBC}") = "MetalMynds.FlatGlass.UnitTests", "UnitTest\MetalMynds.FlatGlass.UnitTests\MetalMynds.FlatGlass.UnitTests.csproj", "{8AA07AF2-FBF1-48EB-AC8D-0E6BA72449EE}"
EndProject
Project("{FAE04EC0-301F-11D3-BF4B-00C04F79EFBC}") = "WiPFlash", "..\..\..\wipWorking\WiPFlash\WiPFlash.csproj", "{61FB3011-0DAA-48DD-9FF3-9944E6FF5E79}"
EndProject
Project("{FAE04EC0-301F-11D3-BF4B-00C04F79EFBC}") = "MetalMynds.FlatGlass.Apt", "Core\MetalMynds.FlatGlass.Apt\MetalMynds.FlatGlass.Apt.csproj", "{3D5B87E1-A465-49E3-93BE-E52EC74F9CBC}"
EndProject
Project("{FAE04EC0-301F-11D3-BF4B-00C04F79EFBC}") = "MetalMynds.FlatGlass.Congery", "Client\MetalMynds.FlatGlass.Congery\MetalMynds.FlatGlass.Congery.csproj", "{D54EDFD8-BAB0-4003-9252-12EABC1B3CCF}"
EndProject
Project("{2150E333-8FDC-42A3-9474-1A3956D46DE8}") = ".nuget", ".nuget", "{49532D88-B1A2-4748-B844-B98417675DB5}"
	ProjectSection(SolutionItems) = preProject
		.nuget\NuGet.Config = .nuget\NuGet.Config
		.nuget\NuGet.exe = .nuget\NuGet.exe
		.nuget\NuGet.targets = .nuget\NuGet.targets
	EndProjectSection
EndProject
Project("{2150E333-8FDC-42A3-9474-1A3956D46DE8}") = "Solution Items", "Solution Items", "{0BD4856F-CC87-418C-81AD-3ABFD4754F64}"
	ProjectSection(SolutionItems) = preProject
		..\README.md = ..\README.md
	EndProjectSection
EndProject
Global
	GlobalSection(SolutionConfigurationPlatforms) = preSolution
		Debug|Any CPU = Debug|Any CPU
		Debug|x86 = Debug|x86
		Release|Any CPU = Release|Any CPU
		Release|x86 = Release|x86
		Support_3_5|Any CPU = Support_3_5|Any CPU
		Support_3_5|x86 = Support_3_5|x86
	EndGlobalSection
	GlobalSection(ProjectConfigurationPlatforms) = postSolution
		{6261B453-693B-4579-80E3-FBA91A667B6A}.Debug|Any CPU.ActiveCfg = Debug|Any CPU
		{6261B453-693B-4579-80E3-FBA91A667B6A}.Debug|Any CPU.Build.0 = Debug|Any CPU
		{6261B453-693B-4579-80E3-FBA91A667B6A}.Debug|x86.ActiveCfg = Debug|Any CPU
		{6261B453-693B-4579-80E3-FBA91A667B6A}.Release|Any CPU.ActiveCfg = Release|Any CPU
		{6261B453-693B-4579-80E3-FBA91A667B6A}.Release|Any CPU.Build.0 = Release|Any CPU
		{6261B453-693B-4579-80E3-FBA91A667B6A}.Release|x86.ActiveCfg = Release|Any CPU
		{6261B453-693B-4579-80E3-FBA91A667B6A}.Support_3_5|Any CPU.ActiveCfg = Release|Any CPU
		{6261B453-693B-4579-80E3-FBA91A667B6A}.Support_3_5|Any CPU.Build.0 = Release|Any CPU
		{6261B453-693B-4579-80E3-FBA91A667B6A}.Support_3_5|x86.ActiveCfg = Release|Any CPU
		{CD21D52F-4036-4EA6-BD06-B5FEAFC7ACC4}.Debug|Any CPU.ActiveCfg = Debug|Any CPU
		{CD21D52F-4036-4EA6-BD06-B5FEAFC7ACC4}.Debug|Any CPU.Build.0 = Debug|Any CPU
		{CD21D52F-4036-4EA6-BD06-B5FEAFC7ACC4}.Debug|x86.ActiveCfg = Debug|Any CPU
		{CD21D52F-4036-4EA6-BD06-B5FEAFC7ACC4}.Release|Any CPU.ActiveCfg = Release|Any CPU
		{CD21D52F-4036-4EA6-BD06-B5FEAFC7ACC4}.Release|Any CPU.Build.0 = Release|Any CPU
		{CD21D52F-4036-4EA6-BD06-B5FEAFC7ACC4}.Release|x86.ActiveCfg = Release|Any CPU
		{CD21D52F-4036-4EA6-BD06-B5FEAFC7ACC4}.Support_3_5|Any CPU.ActiveCfg = Release|Any CPU
		{CD21D52F-4036-4EA6-BD06-B5FEAFC7ACC4}.Support_3_5|Any CPU.Build.0 = Release|Any CPU
		{CD21D52F-4036-4EA6-BD06-B5FEAFC7ACC4}.Support_3_5|x86.ActiveCfg = Release|Any CPU
		{EBE47BFE-E995-4B64-AAE9-A7F3D2E6A6AF}.Debug|Any CPU.ActiveCfg = Debug|Any CPU
		{EBE47BFE-E995-4B64-AAE9-A7F3D2E6A6AF}.Debug|Any CPU.Build.0 = Debug|Any CPU
		{EBE47BFE-E995-4B64-AAE9-A7F3D2E6A6AF}.Debug|x86.ActiveCfg = Debug|Any CPU
		{EBE47BFE-E995-4B64-AAE9-A7F3D2E6A6AF}.Release|Any CPU.ActiveCfg = Release|Any CPU
		{EBE47BFE-E995-4B64-AAE9-A7F3D2E6A6AF}.Release|Any CPU.Build.0 = Release|Any CPU
		{EBE47BFE-E995-4B64-AAE9-A7F3D2E6A6AF}.Release|x86.ActiveCfg = Release|Any CPU
		{EBE47BFE-E995-4B64-AAE9-A7F3D2E6A6AF}.Support_3_5|Any CPU.ActiveCfg = Release|Any CPU
		{EBE47BFE-E995-4B64-AAE9-A7F3D2E6A6AF}.Support_3_5|Any CPU.Build.0 = Release|Any CPU
		{EBE47BFE-E995-4B64-AAE9-A7F3D2E6A6AF}.Support_3_5|x86.ActiveCfg = Release|Any CPU
		{8AA07AF2-FBF1-48EB-AC8D-0E6BA72449EE}.Debug|Any CPU.ActiveCfg = Debug|Any CPU
		{8AA07AF2-FBF1-48EB-AC8D-0E6BA72449EE}.Debug|Any CPU.Build.0 = Debug|Any CPU
		{8AA07AF2-FBF1-48EB-AC8D-0E6BA72449EE}.Debug|x86.ActiveCfg = Debug|Any CPU
		{8AA07AF2-FBF1-48EB-AC8D-0E6BA72449EE}.Release|Any CPU.ActiveCfg = Release|Any CPU
		{8AA07AF2-FBF1-48EB-AC8D-0E6BA72449EE}.Release|Any CPU.Build.0 = Release|Any CPU
		{8AA07AF2-FBF1-48EB-AC8D-0E6BA72449EE}.Release|x86.ActiveCfg = Release|Any CPU
		{8AA07AF2-FBF1-48EB-AC8D-0E6BA72449EE}.Support_3_5|Any CPU.ActiveCfg = Release|Any CPU
		{8AA07AF2-FBF1-48EB-AC8D-0E6BA72449EE}.Support_3_5|Any CPU.Build.0 = Release|Any CPU
		{8AA07AF2-FBF1-48EB-AC8D-0E6BA72449EE}.Support_3_5|x86.ActiveCfg = Release|Any CPU
		{61FB3011-0DAA-48DD-9FF3-9944E6FF5E79}.Debug|Any CPU.ActiveCfg = Debug|Any CPU
		{61FB3011-0DAA-48DD-9FF3-9944E6FF5E79}.Debug|Any CPU.Build.0 = Debug|Any CPU
		{61FB3011-0DAA-48DD-9FF3-9944E6FF5E79}.Debug|x86.ActiveCfg = Debug|x86
		{61FB3011-0DAA-48DD-9FF3-9944E6FF5E79}.Debug|x86.Build.0 = Debug|x86
		{61FB3011-0DAA-48DD-9FF3-9944E6FF5E79}.Release|Any CPU.ActiveCfg = Release|Any CPU
		{61FB3011-0DAA-48DD-9FF3-9944E6FF5E79}.Release|Any CPU.Build.0 = Release|Any CPU
		{61FB3011-0DAA-48DD-9FF3-9944E6FF5E79}.Release|x86.ActiveCfg = Release|x86
		{61FB3011-0DAA-48DD-9FF3-9944E6FF5E79}.Release|x86.Build.0 = Release|x86
		{61FB3011-0DAA-48DD-9FF3-9944E6FF5E79}.Support_3_5|Any CPU.ActiveCfg = Support_3_5|Any CPU
		{61FB3011-0DAA-48DD-9FF3-9944E6FF5E79}.Support_3_5|Any CPU.Build.0 = Support_3_5|Any CPU
		{61FB3011-0DAA-48DD-9FF3-9944E6FF5E79}.Support_3_5|x86.ActiveCfg = Support_3_5|x86
		{61FB3011-0DAA-48DD-9FF3-9944E6FF5E79}.Support_3_5|x86.Build.0 = Support_3_5|x86
		{3D5B87E1-A465-49E3-93BE-E52EC74F9CBC}.Debug|Any CPU.ActiveCfg = Debug|Any CPU
		{3D5B87E1-A465-49E3-93BE-E52EC74F9CBC}.Debug|Any CPU.Build.0 = Debug|Any CPU
		{3D5B87E1-A465-49E3-93BE-E52EC74F9CBC}.Debug|x86.ActiveCfg = Debug|Any CPU
		{3D5B87E1-A465-49E3-93BE-E52EC74F9CBC}.Release|Any CPU.ActiveCfg = Release|Any CPU
		{3D5B87E1-A465-49E3-93BE-E52EC74F9CBC}.Release|Any CPU.Build.0 = Release|Any CPU
		{3D5B87E1-A465-49E3-93BE-E52EC74F9CBC}.Release|x86.ActiveCfg = Release|Any CPU
		{3D5B87E1-A465-49E3-93BE-E52EC74F9CBC}.Support_3_5|Any CPU.ActiveCfg = Release|Any CPU
		{3D5B87E1-A465-49E3-93BE-E52EC74F9CBC}.Support_3_5|Any CPU.Build.0 = Release|Any CPU
		{3D5B87E1-A465-49E3-93BE-E52EC74F9CBC}.Support_3_5|x86.ActiveCfg = Release|Any CPU
		{D54EDFD8-BAB0-4003-9252-12EABC1B3CCF}.Debug|Any CPU.ActiveCfg = Debug|Any CPU
		{D54EDFD8-BAB0-4003-9252-12EABC1B3CCF}.Debug|Any CPU.Build.0 = Debug|Any CPU
		{D54EDFD8-BAB0-4003-9252-12EABC1B3CCF}.Debug|x86.ActiveCfg = Debug|Any CPU
		{D54EDFD8-BAB0-4003-9252-12EABC1B3CCF}.Release|Any CPU.ActiveCfg = Release|Any CPU
		{D54EDFD8-BAB0-4003-9252-12EABC1B3CCF}.Release|Any CPU.Build.0 = Release|Any CPU
		{D54EDFD8-BAB0-4003-9252-12EABC1B3CCF}.Release|x86.ActiveCfg = Release|Any CPU
		{D54EDFD8-BAB0-4003-9252-12EABC1B3CCF}.Support_3_5|Any CPU.ActiveCfg = Release|Any CPU
		{D54EDFD8-BAB0-4003-9252-12EABC1B3CCF}.Support_3_5|Any CPU.Build.0 = Release|Any CPU
		{D54EDFD8-BAB0-4003-9252-12EABC1B3CCF}.Support_3_5|x86.ActiveCfg = Release|Any CPU
	EndGlobalSection
	GlobalSection(SolutionProperties) = preSolution
		HideSolutionNode = FALSE
	EndGlobalSection
EndGlobal
